Microsoft Visual Studio Solution File, Format Version 12.00
# Visual Studio Version 17
VisualStudioVersion = 17.5.2.0
MinimumVisualStudioVersion = 10.0.40219.1
Project("{FAE04EC0-301F-11D3-BF4B-00C04F79EFBC}") = "MultiTenantTaskManager", "MultiTenantTaskManager.csproj", "{50B0ADA0-DA4F-D7C1-F263-12A8DF16263B}"
EndProject
Global
	GlobalSection(SolutionConfigurationPlatforms) = preSolution
		Debug|Any CPU = Debug|Any CPU
		Release|Any CPU = Release|Any CPU
	EndGlobalSection
	GlobalSection(ProjectConfigurationPlatforms) = postSolution
		{50B0ADA0-DA4F-D7C1-F263-12A8DF16263B}.Debug|Any CPU.ActiveCfg = Debug|Any CPU
		{50B0ADA0-DA4F-D7C1-F263-12A8DF16263B}.Debug|Any CPU.Build.0 = Debug|Any CPU
		{50B0ADA0-DA4F-D7C1-F263-12A8DF16263B}.Release|Any CPU.ActiveCfg = Release|Any CPU
		{50B0ADA0-DA4F-D7C1-F263-12A8DF16263B}.Release|Any CPU.Build.0 = Release|Any CPU
	EndGlobalSection
	GlobalSection(SolutionProperties) = preSolution
		HideSolutionNode = FALSE
	EndGlobalSection
	GlobalSection(ExtensibilityGlobals) = postSolution
		SolutionGuid = {ED2CDD16-F9B9-43B1-89C9-F0F5145E3049}
	EndGlobalSection
EndGlobal
